PODS:
  - SnapKit (3.0.2)
  - StreamingKit (0.1.29)

DEPENDENCIES:
  - SnapKit (~> 3.0.2)
  - StreamingKit

SPEC CHECKSUMS:
  SnapKit: 2e456761aa92d4d4067a7a5594c18769d451a8ad
  StreamingKit: c329785aaef3ac142d4ae388345bfe1ed23cfd45

PODFILE CHECKSUM: 6f7960c5a82f43bc390fc5489b89ac61e7eef94a

COCOAPODS: 1.1.1
